{
  "version": 4,
  "terraform_version": "1.10.5",
  "serial": 1,
  "lineage": "9a6a1d1b-4763-7c59-c95b-31814f6d7a62",
  "outputs": {},
  "resources": [
    {
      "module": "module.local_file",
      "mode": "managed",
      "type": "local_file",
      "name": "my_file",
      "provider": "module.local_file.provider[\"registry.terraform.io/hashicorp/local\"]",
      "instances": [
        {
          "schema_version": 0,
          "attributes": {
            "content": "this is dev",
            "content_base64": null,
            "content_base64sha256": "fstcC2gTMP7gUOcaXyMPqJORPSLzeW8UUedXZHVRuNQ=",
            "content_base64sha512": "yjQjA0RWMQhSHq+d0fFbzRJ66D0yU/HC9u0U2wkA/Ll5hCzSI2Ph4ysduM7fhFpnXzzd1ofGJNls5uiSWQis0g==",
            "content_md5": "0147d805f6188b830f7679ea455ad70d",
            "content_sha1": "d18351bdfef9d8a29576e7a3795b451fd4810f94",
            "content_sha256": "7ecb5c0b681330fee050e71a5f230fa893913d22f3796f1451e757647551b8d4",
            "content_sha512": "ca34230344563108521eaf9dd1f15bcd127ae83d3253f1c2f6ed14db0900fcb979842cd22363e1e32b1db8cedf845a675f3cddd687c624d96ce6e8925908acd2",
            "directory_permission": "0777",
            "file_permission": "0777",
            "filename": "D:/Suchit/terraform/test.txt",
            "id": "d18351bdfef9d8a29576e7a3795b451fd4810f94",
            "sensitive_content": null,
            "source": null
          },
          "sensitive_attributes": [
            [
              {
                "type": "get_attr",
                "value": "sensitive_content"
              }
            ]
          ]
        }
      ]
    }
  ],
  "check_results": null
}
