{
  "version": 4,
  "terraform_version": "1.10.5",
  "serial": 1,
  "lineage": "bc14a022-cb28-bca3-c753-b9cb8a94c597",
  "outputs": {},
  "resources": [
    {
      "module": "module.local_file",
      "mode": "managed",
      "type": "local_file",
      "name": "my_file",
      "provider": "module.local_file.provider[\"registry.terraform.io/hashicorp/local\"]",
      "instances": [
        {
          "schema_version": 0,
          "attributes": {
            "content": "this is not a expected env",
            "content_base64": null,
            "content_base64sha256": "bzoMQvuMbeU7lzfJuI+GqnYbGlw4OUq8lZb8ZPV+O8U=",
            "content_base64sha512": "OYVG7Cm/qMO0lmw+B8VHwv7mz1fkyCmhwsji9qCWQEdET0S7TqBOtV6VrZcNe89aPKsqVB2PVD1tyHqwtLF/bQ==",
            "content_md5": "2055884e73628fdae796a019863022d0",
            "content_sha1": "204d3cdcf489b694c500e502bf5c15f08287fd59",
            "content_sha256": "6f3a0c42fb8c6de53b9737c9b88f86aa761b1a5c38394abc9596fc64f57e3bc5",
            "content_sha512": "398546ec29bfa8c3b4966c3e07c547c2fee6cf57e4c829a1c2c8e2f6a0964047444f44bb4ea04eb55e95ad970d7bcf5a3cab2a541d8f543d6dc87ab0b4b17f6d",
            "directory_permission": "0777",
            "file_permission": "0777",
            "filename": "D:/Suchit/terraform/prod.txt",
            "id": "204d3cdcf489b694c500e502bf5c15f08287fd59",
            "sensitive_content": null,
            "source": null
          },
          "sensitive_attributes": [
            [
              {
                "type": "get_attr",
                "value": "sensitive_content"
              }
            ]
          ]
        }
      ]
    }
  ],
  "check_results": null
}
